{
    "_meta": {
        "hash": {
            "sha256": "48db7153c4758dcd6740c24d2b825e30721c158cc35b54e4e7184ba3fe186244"
        },
        "pipfile-spec": 6,
        "requires": {
            "python_version": "3.9"
        },
        "sources": [
            {
                "name": "pypi",
                "url": "https://pypi.org/simple",
                "verify_ssl": true
            }
        ]
    },
    "default": {
        "attrs": {
            "hashes": [
                "sha256:31b2eced602aa8423c2aea9c76a724617ed67cf9513173fd3a4f03e3a929c7e6",
                "sha256:832aa3cde19744e49938b91fea06d69ecb9e649c93ba974535d08ad92164f700"
            ],
            "markers": "python_version >= '2.7' and python_version not in '3.0, 3.1, 3.2, 3.3'",
            "version": "==20.3.0"
        },
        "aws-cdk.assets": {
            "hashes": [
                "sha256:1d442ae6eb2f5b3e911f49628b5c95c5666047895c76fc0bb197ebb56be1cc98",
                "sha256:a1972b2214a66e212f3b7d1d475b5ca6ba7d92e63b932f274de168dce0bcf91f"
            ],
            "markers": "python_version >= '3.6'",
            "version": "==1.92.0"
        },
        "aws-cdk.aws-applicationautoscaling": {
            "hashes": [
                "sha256:b19c0ff3b5a512fcf61d4b4418a2147c1ea3ecfef7dc97934e8d66a5db2dbeee",
                "sha256:eabd93dae466ff6991f1e824a83efa3cfdc22da6abf67f6f263ccd55aa5e24a8"
            ],
            "markers": "python_version >= '3.6'",
            "version": "==1.92.0"
        },
        "aws-cdk.aws-autoscaling-common": {
            "hashes": [
                "sha256:82a99e55059b45b9d65eb813ffd2c28a87b9f2a8292d60cff6c1a51af8506a79",
                "sha256:b62266c3351d18590daf2fd9b15e02dda85d751c967e25098d7b1b28808907a8"
            ],
            "markers": "python_version >= '3.6'",
            "version": "==1.92.0"
        },
        "aws-cdk.aws-cloudwatch": {
            "hashes": [
                "sha256:8ebe792ad7e63d9bda78a4a81cda3408f0cb2c85c2e3a9c4bbabb710919880f9",
                "sha256:f37fa8a1d5ca219b89c04d68446a60d048c8819ecd335a64d1f5cb05157d20af"
            ],
            "markers": "python_version >= '3.6'",
            "version": "==1.92.0"
        },
        "aws-cdk.aws-codeguruprofiler": {
            "hashes": [
                "sha256:262d02142d09c6cdd7a599c5706562ea7a52a609099b7de096e319aadead5df4",
                "sha256:7990800cb9af25c8682d962b6b45493163e4e2932d822e9c2eb86a57148d18b2"
            ],
            "markers": "python_version >= '3.6'",
            "version": "==1.92.0"
        },
        "aws-cdk.aws-ec2": {
            "hashes": [
                "sha256:ecebc2f02d9eea42115f575b76c013b5e0f6f65ed97f4617f2ede38705dcf098",
                "sha256:f5918183c69430a774ca2b766ca022530f53c72d33c1da71f78f072dc92347d6"
            ],
            "markers": "python_version >= '3.6'",
            "version": "==1.92.0"
        },
        "aws-cdk.aws-ecr": {
            "hashes": [
                "sha256:3a9bc6f8ede69e409827298e3f560b8b39f56ae918a059d17528ff7065798841",
                "sha256:f93e9dbc83df153e50c0ff260b3638db308e1edd9d0ce4fea9216346b968fa5e"
            ],
            "markers": "python_version >= '3.6'",
            "version": "==1.92.0"
        },
        "aws-cdk.aws-ecr-assets": {
            "hashes": [
                "sha256:b357264ae29b0aaf344e6e1411e181ad709ababda48347883a7fdb9ccafa2504",
                "sha256:d24f07b96167d2be077f8b8b3d401877a28ab0f8aa5759b797518d3d17a55554"
            ],
            "markers": "python_version >= '3.6'",
            "version": "==1.92.0"
        },
        "aws-cdk.aws-efs": {
            "hashes": [
                "sha256:51bf63c1f8d5d15c1b159db80b406ca4ba4b62358b3d86c560d09bc520972e78",
                "sha256:f9c49d8d9686b2f62860efd20a03046cd81bd10fd5f4806bf7ed2a7e0e0c88f9"
            ],
            "markers": "python_version >= '3.6'",
            "version": "==1.92.0"
        },
        "aws-cdk.aws-events": {
            "hashes": [
                "sha256:51e1db0ffabda344fe8eb0e9f1e54f3d74ffa6a62a5e2642204999544e95a6b6",
                "sha256:b81259cffe35e62dddbf36bec8c1b487acbdd9ec80b1f7fa747ef8f2ec9a5224"
            ],
            "index": "pypi",
            "version": "==1.92.0"
        },
        "aws-cdk.aws-iam": {
            "hashes": [
                "sha256:4ea60234f25623dc9c34ffc2e19b9d122b5b9a01a1c1aa2342457eee392d2a10",
                "sha256:7b8dde4fc64f75836ce19f684609e30f5344f04fdd15a4e6587879264cb87b44"
            ],
            "markers": "python_version >= '3.6'",
            "version": "==1.92.0"
        },
        "aws-cdk.aws-kms": {
            "hashes": [
                "sha256:0747675ebfaa721adfa7303da51865b3327ed76a9d40cb3b6129ac8ea78e92fd",
                "sha256:896f7287e1d673c4707e7ec0cde3090431c71c8f15cf3ab7a441cfa58e8f920b"
            ],
            "markers": "python_version >= '3.6'",
            "version": "==1.92.0"
        },
        "aws-cdk.aws-lambda": {
            "hashes": [
                "sha256:405aed6a3f8079b778580243c9e3003bfd605875d03f6ebc61f3555a421ff5ae",
                "sha256:99d5320b1a5eaee67bd6b7ff213d5d57fc5a845e08ee1ce46fc994a19fb61b2e"
            ],
            "index": "pypi",
            "version": "==1.92.0"
        },
        "aws-cdk.aws-logs": {
            "hashes": [
                "sha256:c807855ab35df7a8c9e0cce8ea88885ac187d06c7937f17ab2ebc2c8c6d76273",
                "sha256:e381c1fa396ad70f269d46958e628d02fd43841328ae3e6a157151662dcbe1cc"
            ],
            "markers": "python_version >= '3.6'",
            "version": "==1.92.0"
        },
        "aws-cdk.aws-s3": {
            "hashes": [
                "sha256:a94e136a012ab8501403f2a5ac5b072caff659fde2257391f592014b4d960d14",
                "sha256:f4aae2e95b9d8e8e6a8856ae06f510f1a352098495b9c2cc8bf852686aa5e178"
            ],
            "markers": "python_version >= '3.6'",
            "version": "==1.92.0"
        },
        "aws-cdk.aws-s3-assets": {
            "hashes": [
                "sha256:3684517c674ce92d0ed26a0436913f62c0efb2134f08bec043e7c65535647a2b",
                "sha256:efae2793f4276980ae85d9c61e150990d6c6c78ae4aa56b6cb533da699714370"
            ],
            "markers": "python_version >= '3.6'",
            "version": "==1.92.0"
        },
        "aws-cdk.aws-signer": {
            "hashes": [
                "sha256:de5380e7387667c31cb3e83a1cf9cab31414801813f0a21f59750db51300258c",
                "sha256:e85268e4381c1e9885299a26e8b779346c32df066e8402b21d28a18e2aeefb14"
            ],
            "markers": "python_version >= '3.6'",
            "version": "==1.92.0"
        },
        "aws-cdk.aws-sqs": {
            "hashes": [
                "sha256:303ad69311b7c043447ab611bc2e3b09b6df90127f4d69711ac4bbf56e107eb5",
                "sha256:a5b0318d9ee2fe77694bdf71111fd6e48eccefac7ee9efb40af4ca7510e2d8d8"
            ],
            "markers": "python_version >= '3.6'",
            "version": "==1.92.0"
        },
        "aws-cdk.aws-ssm": {
            "hashes": [
                "sha256:4234f184ce462c0e472c9a99b43d922458ae49a11890e8d8e8906fb92fedcf9d",
                "sha256:9760a1e65cf152cc7da41b83a96d5ac669942a6883646e1d86766150664ae04a"
            ],
            "markers": "python_version >= '3.6'",
            "version": "==1.92.0"
        },
        "aws-cdk.cloud-assembly-schema": {
            "hashes": [
                "sha256:3f06bff0f23ce0707df1accac8863dde43685f39f3d5c3b1cd7ad178c23428ad",
                "sha256:a6ae23912eccdc4c6fa194903b98985733c1d38084667ae4c444a008c1e80e24"
            ],
            "markers": "python_version >= '3.6'",
            "version": "==1.92.0"
        },
        "aws-cdk.core": {
            "hashes": [
                "sha256:1e9babba967acda2ddd851d8f36259d029922f754323d73e465cb9a7f611bd36",
                "sha256:c03b75cf9295dd260d4b70da989cc3eca98fa2b781e063e8d64ed9543c3b95df"
            ],
            "index": "pypi",
            "version": "==1.92.0"
        },
        "aws-cdk.cx-api": {
            "hashes": [
                "sha256:2517305328254716f3f25351900ceedabd9fd67a2a64cab81eab70986dff184d",
                "sha256:46df189db1a4306fd0a0ec08cc65585838712a63db07ef0efe6ed44a4699a1e0"
            ],
            "markers": "python_version >= '3.6'",
            "version": "==1.92.0"
        },
        "aws-cdk.region-info": {
            "hashes": [
                "sha256:2e094a958a04fa76bf7b3c59ce4299a1301945d46210a9a20de07c93ee44e786",
                "sha256:955de3a7efdecf5112a8bd21c43f322da85c136a75f29b4a761c06af0a30445f"
            ],
            "markers": "python_version >= '3.6'",
            "version": "==1.92.0"
        },
        "cattrs": {
            "hashes": [
                "sha256:12688f56fbb7f54cf647d031669840e1ab0b9a198bf374a217fcb5be821855df",
                "sha256:f92ca39ccb7373289f9cccf71b86849a29a2d75370bc983e7bf579ce95bfccd8"
            ],
            "markers": "python_version >= '3.7'",
            "version": "==1.3.0"
        },
        "constructs": {
            "hashes": [
                "sha256:0b4c105c70f99bf63e5189bbd2413747fd936391b9b1486dfb7f244ab39c1110",
                "sha256:32a62080e70b1752536d098df7b961de99fcab882edc3fb40314ddd691c68133"
            ],
            "markers": "python_version >= '3.6'",
            "version": "==3.3.65"
        },
        "jsii": {
            "hashes": [
                "sha256:dcb46fd389e7f102413a6a5ddab3d541ee6afce9529a544dff468db28dd81bcc",
                "sha256:fe127b4f9ae336efb0fa4212c36fa7cf5e11cf952c4faff7868197c8364b4870"
            ],
            "markers": "python_version ~= '3.6'",
            "version": "==1.24.0"
        },
        "meme-picker": {
            "editable": true,
            "file": "file:///home/asadana/store/workspace/meme-picker"
        },
        "publication": {
            "hashes": [
                "sha256:0248885351febc11d8a1098d5c8e3ab2dabcf3e8c0c96db1e17ecd12b53afbe6",
                "sha256:68416a0de76dddcdd2930d1c8ef853a743cc96c82416c4e4d3b5d901c6276dc4"
            ],
            "version": "==0.0.3"
        },
        "python-dateutil": {
            "hashes": [
                "sha256:73ebfe9dbf22e832286dafa60473e4cd239f8592f699aa5adaf10050e6e1823c",
                "sha256:75bb3f31ea686f1197762692a9ee6a7550b59fc6ca3a1f4b5d7e32fb98e2da2a"
            ],
            "markers": "python_version >= '2.7' and python_version not in '3.0, 3.1, 3.2, 3.3'",
            "version": "==2.8.1"
        },
        "six": {
            "hashes": [
                "sha256:30639c035cdb23534cd4aa2dd52c3bf48f06e5f4a941509c8bafd8ce11080259",
                "sha256:8b74bedcbbbaca38ff6d7491d76f2b06b3592611af620f8426e82dddb04a5ced"
            ],
            "markers": "python_version >= '2.7' and python_version not in '3.0, 3.1, 3.2, 3.3'",
            "version": "==1.15.0"
        },
        "typing-extensions": {
            "hashes": [
                "sha256:7cb407020f00f7bfc3cb3e7881628838e69d8f3fcab2f64742a5e76b2f841918",
                "sha256:99d4073b617d30288f569d3f13d2bd7548c3a7e4c8de87db09a9d29bb3a4a60c",
                "sha256:dafc7639cde7f1b6e1acc0f457842a83e722ccca8eef5270af2d74792619a89f"
            ],
            "version": "==3.7.4.3"
        }
    },
    "develop": {}
}
